
Microsoft Visual Studio Solution File, Format Version 12.00
# Visual Studio 15
VisualStudioVersion = 15.0.26430.16
MinimumVisualStudioVersion = 10.0.40219.1
Project("{FAE04EC0-301F-11D3-BF4B-00C04F79EFBC}") = "AutomobileService", "AutomobileService\AutomobileService.csproj", "{455F6107-0507-4680-B39F-B2581E50FD8B}"
EndProject
Project("{FAE04EC0-301F-11D3-BF4B-00C04F79EFBC}") = "AutomobileServiceFixture", "AutomobileServiceFixture\AutomobileServiceFixture.csproj", "{47AF8721-AEB4-48CA-90AA-8014F2126E40}"
EndProject
Global
	GlobalSection(SolutionConfigurationPlatforms) = preSolution
		Debug|Any CPU = Debug|Any CPU
		Release|Any CPU = Release|Any CPU
	EndGlobalSection
	GlobalSection(ProjectConfigurationPlatforms) = postSolution
		{455F6107-0507-4680-B39F-B2581E50FD8B}.Debug|Any CPU.ActiveCfg = Debug|Any CPU
		{455F6107-0507-4680-B39F-B2581E50FD8B}.Debug|Any CPU.Build.0 = Debug|Any CPU
		{455F6107-0507-4680-B39F-B2581E50FD8B}.Release|Any CPU.ActiveCfg = Release|Any CPU
		{455F6107-0507-4680-B39F-B2581E50FD8B}.Release|Any CPU.Build.0 = Release|Any CPU
		{47AF8721-AEB4-48CA-90AA-8014F2126E40}.Debug|Any CPU.ActiveCfg = Debug|Any CPU
		{47AF8721-AEB4-48CA-90AA-8014F2126E40}.Debug|Any CPU.Build.0 = Debug|Any CPU
		{47AF8721-AEB4-48CA-90AA-8014F2126E40}.Release|Any CPU.ActiveCfg = Release|Any CPU
		{47AF8721-AEB4-48CA-90AA-8014F2126E40}.Release|Any CPU.Build.0 = Release|Any CPU
	EndGlobalSection
	GlobalSection(SolutionProperties) = preSolution
		HideSolutionNode = FALSE
	EndGlobalSection
EndGlobal
